{
  "originHash" : "31ee65dba9c0589099209760259538a4975161d6f92427ec156be739e874e273",
  "pins" : [
    {
      "identity" : "auth-swift",
      "kind" : "remoteSourceControl",
      "location" : "https://github.com/groo-dev/auth-swift.git",
      "state" : {
        "revision" : "1f279d6a00b5a1271bfbcb0d0db659a36e976d32",
        "version" : "0.0.2"
      }
    },
    {
      "identity" : "zoomable",
      "kind" : "remoteSourceControl",
      "location" : "https://github.com/ryohey/Zoomable.git",
      "state" : {
        "branch" : "main",
        "revision" : "27463744a1c82e550959703153bd6f3c62fef906"
      }
    }
  ],
  "version" : 3
}
