{
  "originHash" : "31ee65dba9c0589099209760259538a4975161d6f92427ec156be739e874e273",
  "pins" : [
    {
      "identity" : "auth-swift",
      "kind" : "remoteSourceControl",
      "location" : "https://github.com/groo-dev/auth-swift.git",
      "state" : {
        "revision" : "14a5b54dfbdb7ffb70c38f1aa5ccc5399f6e0855",
        "version" : "0.0.3"
      }
    },
    {
      "identity" : "zoomable",
      "kind" : "remoteSourceControl",
      "location" : "https://github.com/ryohey/Zoomable.git",
      "state" : {
        "revision" : "27463744a1c82e550959703153bd6f3c62fef906"
      }
    }
  ],
  "version" : 3
}
